
Microsoft Visual Studio Solution File, Format Version 12.00
# Visual Studio Version 17
VisualStudioVersion = 17.5.002.0
MinimumVisualStudioVersion = 10.0.40219.1
Project("{9A19103F-16F7-4668-BE54-9A1E7A4F7556}") = "BulkyWeb", "BulkyWeb.csproj", "{095DDE68-4CA1-4850-8383-EA19584DFDE8}"
EndProject
Global
	GlobalSection(SolutionConfigurationPlatforms) = preSolution
		Debug|Any CPU = Debug|Any CPU
		Release|Any CPU = Release|Any CPU
	EndGlobalSection
	GlobalSection(ProjectConfigurationPlatforms) = postSolution
		{095DDE68-4CA1-4850-8383-EA19584DFDE8}.Debug|Any CPU.ActiveCfg = Debug|Any CPU
		{095DDE68-4CA1-4850-8383-EA19584DFDE8}.Debug|Any CPU.Build.0 = Debug|Any CPU
		{095DDE68-4CA1-4850-8383-EA19584DFDE8}.Release|Any CPU.ActiveCfg = Release|Any CPU
		{095DDE68-4CA1-4850-8383-EA19584DFDE8}.Release|Any CPU.Build.0 = Release|Any CPU
	EndGlobalSection
	GlobalSection(SolutionProperties) = preSolution
		HideSolutionNode = FALSE
	EndGlobalSection
	GlobalSection(ExtensibilityGlobals) = postSolution
		SolutionGuid = {94D512B4-A223-4156-8964-474318D4EFBF}
	EndGlobalSection
EndGlobal
